
Microsoft Visual Studio Solution File, Format Version 12.00
# Visual Studio Version 17
VisualStudioVersion = 17.0.31903.59
MinimumVisualStudioVersion = 10.0.40219.1
Project("{FAE04EC0-301F-11D3-BF4B-00C04F79EFBC}") = "SalaryCalc", "SalaryCalc\SalaryCalc.csproj", "{45824DE0-7992-4957-99E5-18B5A430140D}"
EndProject
Global
	GlobalSection(SolutionConfigurationPlatforms) = preSolution
		Debug|Any CPU = Debug|Any CPU
		Release|Any CPU = Release|Any CPU
	EndGlobalSection
	GlobalSection(ProjectConfigurationPlatforms) = postSolution
		{45824DE0-7992-4957-99E5-18B5A430140D}.Debug|Any CPU.ActiveCfg = Debug|Any CPU
		{45824DE0-7992-4957-99E5-18B5A430140D}.Debug|Any CPU.Build.0 = Debug|Any CPU
		{45824DE0-7992-4957-99E5-18B5A430140D}.Release|Any CPU.ActiveCfg = Release|Any CPU
		{45824DE0-7992-4957-99E5-18B5A430140D}.Release|Any CPU.Build.0 = Release|Any CPU
	EndGlobalSection
	GlobalSection(SolutionProperties) = preSolution
		HideSolutionNode = FALSE
	EndGlobalSection
	GlobalSection(ExtensibilityGlobals) = postSolution
		SolutionGuid = {42DDDDB2-9D22-4E97-A043-A65446B0763F}
	EndGlobalSection
EndGlobal
